// !$*UTF8*$!
{
	archiveVersion = 1;
	classes = {
	};
	objectVersion = 55;
	objects = {

/* Begin PBXBuildFile section */
		50BDD24B286DD8C900AF1897 /* RestartApp.swift in Sources */ = {isa = PBXBuildFile; fileRef = 50BDD24A286DD8C900AF1897 /* RestartApp.swift */; };
		50BDD24D286DD8C900AF1897 /* ContentView.swift in Sources */ = {isa = PBXBuildFile; fileRef = 50BDD24C286DD8C900AF1897 /* ContentView.swift */; };
		50BDD24F286DD8CB00AF1897 /* Assets.xcassets in Resources */ = {isa = PBXBuildFile; fileRef = 50BDD24E286DD8CB00AF1897 /* Assets.xcassets */; };
		50BDD252286DD8CB00AF1897 /* Preview Assets.xcassets in Resources */ = {isa = PBXBuildFile; fileRef = 50BDD251286DD8CB00AF1897 /* Preview Assets.xcassets */; };
		50BDD25E286DDAA700AF1897 /* success.m4a in Resources */ = {isa = PBXBuildFile; fileRef = 50BDD25C286DDAA700AF1897 /* success.m4a */; };
		50BDD25F286DDAA700AF1897 /* chimeup.mp3 in Resources */ = {isa = PBXBuildFile; fileRef = 50BDD25D286DDAA700AF1897 /* chimeup.mp3 */; };
		50BDD266286DE11100AF1897 /* OnboardingView.swift in Sources */ = {isa = PBXBuildFile; fileRef = 50BDD265286DE11100AF1897 /* OnboardingView.swift */; };
		50BDD268286DE12D00AF1897 /* HomeView.swift in Sources */ = {isa = PBXBuildFile; fileRef = 50BDD267286DE12D00AF1897 /* HomeView.swift */; };
		50BDD26A286E2B7F00AF1897 /* CircleViewGroup.swift in Sources */ = {isa = PBXBuildFile; fileRef = 50BDD269286E2B7F00AF1897 /* CircleViewGroup.swift */; };
		50BDD26C286F67C600AF1897 /* AudioPlayer.swift in Sources */ = {isa = PBXBuildFile; fileRef = 50BDD26B286F67C600AF1897 /* AudioPlayer.swift */; };
/* End PBXBuildFile section */

/* Begin PBXFileReference section */
		50BDD247286DD8C900AF1897 /* Restart.app */ = {isa = PBXFileReference; explicitFileType = wrapper.application; includeInIndex = 0; path = Restart.app; sourceTree = BUILT_PRODUCTS_DIR; };
		50BDD24A286DD8C900AF1897 /* RestartApp.swift */ = {isa = PBXFileReference; lastKnownFileType = sourcecode.swift; path = RestartApp.swift; sourceTree = "<group>"; };
		50BDD24C286DD8C900AF1897 /* ContentView.swift */ = {isa = PBXFileReference; lastKnownFileType = sourcecode.swift; path = ContentView.swift; sourceTree = "<group>"; };
		50BDD24E286DD8CB00AF1897 /* Assets.xcassets */ = {isa = PBXFileReference; lastKnownFileType = folder.assetcatalog; path = Assets.xcassets; sourceTree = "<group>"; };
		50BDD251286DD8CB00AF1897 /* Preview Assets.xcassets */ = {isa = PBXFileReference; lastKnownFileType = folder.assetcatalog; path = "Preview Assets.xcassets"; sourceTree = "<group>"; };
		50BDD25C286DDAA700AF1897 /* success.m4a */ = {isa = PBXFileReference; lastKnownFileType = file; path = success.m4a; sourceTree = "<group>"; };
		50BDD25D286DDAA700AF1897 /* chimeup.mp3 */ = {isa = PBXFileReference; lastKnownFileType = audio.mp3; path = chimeup.mp3; sourceTree = "<group>"; };
		50BDD264286DE06700AF1897 /* Info.plist */ = {isa = PBXFileReference; lastKnownFileType = text.plist; path = Info.plist; sourceTree = "<group>"; };
		50BDD265286DE11100AF1897 /* OnboardingView.swift */ = {isa = PBXFileReference; lastKnownFileType = sourcecode.swift; path = OnboardingView.swift; sourceTree = "<group>"; };
		50BDD267286DE12D00AF1897 /* HomeView.swift */ = {isa = PBXFileReference; lastKnownFileType = sourcecode.swift; path = HomeView.swift; sourceTree = "<group>"; };
		50BDD269286E2B7F00AF1897 /* CircleViewGroup.swift */ = {isa = PBXFileReference; lastKnownFileType = sourcecode.swift; path = CircleViewGroup.swift; sourceTree = "<group>"; };
		50BDD26B286F67C600AF1897 /* AudioPlayer.swift */ = {isa = PBXFileReference; lastKnownFileType = sourcecode.swift; path = AudioPlayer.swift; sourceTree = "<group>"; };
/* End PBXFileReference section */

/* Begin PBXFrameworksBuildPhase section */
		50BDD244286DD8C900AF1897 /* Frameworks */ = {
			isa = PBXFrameworksBuildPhase;
			buildActionMask = 2147483647;
			files = (
			);
			runOnlyForDeploymentPostprocessing = 0;
		};
/* End PBXFrameworksBuildPhase section */

/* Begin PBXGroup section */
		50BDD23E286DD8C800AF1897 = {
			isa = PBXGroup;
			children = (
				50BDD249286DD8C900AF1897 /* Restart */,
				50BDD248286DD8C900AF1897 /* Products */,
			);
			sourceTree = "<group>";
		};
		50BDD248286DD8C900AF1897 /* Products */ = {
			isa = PBXGroup;
			children = (
				50BDD247286DD8C900AF1897 /* Restart.app */,
			);
			name = Products;
			sourceTree = "<group>";
		};
		50BDD249286DD8C900AF1897 /* Restart */ = {
			isa = PBXGroup;
			children = (
				50BDD264286DE06700AF1897 /* Info.plist */,
				50BDD263286DDDC200AF1897 /* Utilities */,
				50BDD262286DDDB200AF1897 /* Views */,
				50BDD24A286DD8C900AF1897 /* RestartApp.swift */,
				50BDD261286DDD9F00AF1897 /* Screens */,
				50BDD24E286DD8CB00AF1897 /* Assets.xcassets */,
				50BDD260286DDADF00AF1897 /* Sounds */,
				50BDD250286DD8CB00AF1897 /* Preview Content */,
			);
			path = Restart;
			sourceTree = "<group>";
		};
		50BDD250286DD8CB00AF1897 /* Preview Content */ = {
			isa = PBXGroup;
			children = (
				50BDD251286DD8CB00AF1897 /* Preview Assets.xcassets */,
			);
			path = "Preview Content";
			sourceTree = "<group>";
		};
		50BDD260286DDADF00AF1897 /* Sounds */ = {
			isa = PBXGroup;
			children = (
				50BDD25D286DDAA700AF1897 /* chimeup.mp3 */,
				50BDD25C286DDAA700AF1897 /* success.m4a */,
			);
			path = Sounds;
			sourceTree = "<group>";
		};
		50BDD261286DDD9F00AF1897 /* Screens */ = {
			isa = PBXGroup;
			children = (
				50BDD24C286DD8C900AF1897 /* ContentView.swift */,
				50BDD265286DE11100AF1897 /* OnboardingView.swift */,
				50BDD267286DE12D00AF1897 /* HomeView.swift */,
			);
			path = Screens;
			sourceTree = "<group>";
		};
		50BDD262286DDDB200AF1897 /* Views */ = {
			isa = PBXGroup;
			children = (
				50BDD269286E2B7F00AF1897 /* CircleViewGroup.swift */,
			);
			path = Views;
			sourceTree = "<group>";
		};
		50BDD263286DDDC200AF1897 /* Utilities */ = {
			isa = PBXGroup;
			children = (
				50BDD26B286F67C600AF1897 /* AudioPlayer.swift */,
			);
			path = Utilities;
			sourceTree = "<group>";
		};
/* End PBXGroup section */

/* Begin PBXNativeTarget section */
		50BDD246286DD8C900AF1897 /* Restart */ = {
			isa = PBXNativeTarget;
			buildConfigurationList = 50BDD255286DD8CB00AF1897 /* Build configuration list for PBXNativeTarget "Restart" */;
			buildPhases = (
				50BDD243286DD8C900AF1897 /* Sources */,
				50BDD244286DD8C900AF1897 /* Frameworks */,
				50BDD245286DD8C900AF1897 /* Resources */,
			);
			buildRules = (
			);
			dependencies = (
			);
			name = Restart;
			productName = Restart;
			productReference = 50BDD247286DD8C900AF1897 /* Restart.app */;
			productType = "com.apple.product-type.application";
		};
/* End PBXNativeTarget section */

/* Begin PBXProject section */
		50BDD23F286DD8C800AF1897 /* Project object */ = {
			isa = PBXProject;
			attributes = {
				BuildIndependentTargetsInParallel = 1;
				LastSwiftUpdateCheck = 1340;
				LastUpgradeCheck = 1340;
				TargetAttributes = {
					50BDD246286DD8C900AF1897 = {
						CreatedOnToolsVersion = 13.4.1;
					};
				};
			};
			buildConfigurationList = 50BDD242286DD8C800AF1897 /* Build configuration list for PBXProject "Restart" */;
			compatibilityVersion = "Xcode 13.0";
			developmentRegion = en;
			hasScannedForEncodings = 0;
			knownRegions = (
				en,
				Base,
			);
			mainGroup = 50BDD23E286DD8C800AF1897;
			productRefGroup = 50BDD248286DD8C900AF1897 /* Products */;
			projectDirPath = "";
			projectRoot = "";
			targets = (
				50BDD246286DD8C900AF1897 /* Restart */,
			);
		};
/* End PBXProject section */

/* Begin PBXResourcesBuildPhase section */
		50BDD245286DD8C900AF1897 /* Resources */ = {
			isa = PBXResourcesBuildPhase;
			buildActionMask = 2147483647;
			files = (
				50BDD25F286DDAA700AF1897 /* chimeup.mp3 in Resources */,
				50BDD252286DD8CB00AF1897 /* Preview Assets.xcassets in Resources */,
				50BDD25E286DDAA700AF1897 /* success.m4a in Resources */,
				50BDD24F286DD8CB00AF1897 /* Assets.xcassets in Resources */,
			);
			runOnlyForDeploymentPostprocessing = 0;
		};
/* End PBXResourcesBuildPhase section */

/* Begin PBXSourcesBuildPhase section */
		50BDD243286DD8C900AF1897 /* Sources */ = {
			isa = PBXSourcesBuildPhase;
			buildActionMask = 2147483647;
			files = (
				50BDD266286DE11100AF1897 /* OnboardingView.swift in Sources */,
				50BDD26A286E2B7F00AF1897 /* CircleViewGroup.swift in Sources */,
				50BDD268286DE12D00AF1897 /* HomeView.swift in Sources */,
				50BDD24D286DD8C900AF1897 /* ContentView.swift in Sources */,
				50BDD24B286DD8C900AF1897 /* RestartApp.swift in Sources */,
				50BDD26C286F67C600AF1897 /* AudioPlayer.swift in Sources */,
			);
			runOnlyForDeploymentPostprocessing = 0;
		};
/* End PBXSourcesBuildPhase section */

/* Begin XCBuildConfiguration section */
		50BDD253286DD8CB00AF1897 /* Debug */ = {
			isa = XCBuildConfiguration;
			buildSettings = {
				ALWAYS_SEARCH_USER_PATHS = NO;
				CLANG_ANALYZER_NONNULL = YES;
				CLANG_ANALYZER_NUMBER_OBJECT_CONVERSION = YES_AGGRESSIVE;
				CLANG_CXX_LANGUAGE_STANDARD = "gnu++17";
				CLANG_ENABLE_MODULES = YES;
				CLANG_ENABLE_OBJC_ARC = YES;
				CLANG_ENABLE_OBJC_WEAK = YES;
				CLANG_WARN_BLOCK_CAPTURE_AUTORELEASING = YES;
				CLANG_WARN_BOOL_CONVERSION = YES;
				CLANG_WARN_COMMA = YES;
				CLANG_WARN_CONSTANT_CONVERSION = YES;
				CLANG_WARN_DEPRECATED_OBJC_IMPLEMENTATIONS = YES;
				CLANG_WARN_DIRECT_OBJC_ISA_USAGE = YES_ERROR;
				CLANG_WARN_DOCUMENTATION_COMMENTS = YES;
				CLANG_WARN_EMPTY_BODY = YES;
				CLANG_WARN_ENUM_CONVERSION = YES;
				CLANG_WARN_INFINITE_RECURSION = YES;
				CLANG_WARN_INT_CONVERSION = YES;
				CLANG_WARN_NON_LITERAL_NULL_CONVERSION = YES;
				CLANG_WARN_OBJC_IMPLICIT_RETAIN_SELF = YES;
				CLANG_WARN_OBJC_LITERAL_CONVERSION = YES;
				CLANG_WARN_OBJC_ROOT_CLASS = YES_ERROR;
				CLANG_WARN_QUOTED_INCLUDE_IN_FRAMEWORK_HEADER = YES;
				CLANG_WARN_RANGE_LOOP_ANALYSIS = YES;
				CLANG_WARN_STRICT_PROTOTYPES = YES;
				CLANG_WARN_SUSPICIOUS_MOVE = YES;
				CLANG_WARN_UNGUARDED_AVAILABILITY = YES_AGGRESSIVE;
				CLANG_WARN_UNREACHABLE_CODE = YES;
				CLANG_WARN__DUPLICATE_METHOD_MATCH = YES;
				COPY_PHASE_STRIP = NO;
				DEBUG_INFORMATION_FORMAT = dwarf;
				ENABLE_STRICT_OBJC_MSGSEND = YES;
				ENABLE_TESTABILITY = YES;
				GCC_C_LANGUAGE_STANDARD = gnu11;
				GCC_DYNAMIC_NO_PIC = NO;
				GCC_NO_COMMON_BLOCKS = YES;
				GCC_OPTIMIZATION_LEVEL = 0;
				GCC_PREPROCESSOR_DEFINITIONS = (
					"DEBUG=1",
					"$(inherited)",
				);
				GCC_WARN_64_TO_32_BIT_CONVERSION = YES;
				GCC_WARN_ABOUT_RETURN_TYPE = YES_ERROR;
				GCC_WARN_UNDECLARED_SELECTOR = YES;
				GCC_WARN_UNINITIALIZED_AUTOS = YES_AGGRESSIVE;
				GCC_WARN_UNUSED_FUNCTION = YES;
				GCC_WARN_UNUSED_VARIABLE = YES;
				IPHONEOS_DEPLOYMENT_TARGET = 15.5;
				MTL_ENABLE_DEBUG_INFO = INCLUDE_SOURCE;
				MTL_FAST_MATH = YES;
				ONLY_ACTIVE_ARCH = YES;
				SDKROOT = iphoneos;
				SWIFT_ACTIVE_COMPILATION_CONDITIONS = DEBUG;
				SWIFT_OPTIMIZATION_LEVEL = "-Onone";
			};
			name = Debug;
		};
		50BDD254286DD8CB00AF1897 /* Release */ = {
			isa = XCBuildConfiguration;
			buildSettings = {
				ALWAYS_SEARCH_USER_PATHS = NO;
				CLANG_ANALYZER_NONNULL = YES;
				CLANG_ANALYZER_NUMBER_OBJECT_CONVERSION = YES_AGGRESSIVE;
				CLANG_CXX_LANGUAGE_STANDARD = "gnu++17";
				CLANG_ENABLE_MODULES = YES;
				CLANG_ENABLE_OBJC_ARC = YES;
				CLANG_ENABLE_OBJC_WEAK = YES;
				CLANG_WARN_BLOCK_CAPTURE_AUTORELEASING = YES;
				CLANG_WARN_BOOL_CONVERSION = YES;
				CLANG_WARN_COMMA = YES;
				CLANG_WARN_CONSTANT_CONVERSION = YES;
				CLANG_WARN_DEPRECATED_OBJC_IMPLEMENTATIONS = YES;
				CLANG_WARN_DIRECT_OBJC_ISA_USAGE = YES_ERROR;
				CLANG_WARN_DOCUMENTATION_COMMENTS = YES;
				CLANG_WARN_EMPTY_BODY = YES;
				CLANG_WARN_ENUM_CONVERSION = YES;
				CLANG_WARN_INFINITE_RECURSION = YES;
				CLANG_WARN_INT_CONVERSION = YES;
				CLANG_WARN_NON_LITERAL_NULL_CONVERSION = YES;
				CLANG_WARN_OBJC_IMPLICIT_RETAIN_SELF = YES;
				CLANG_WARN_OBJC_LITERAL_CONVERSION = YES;
				CLANG_WARN_OBJC_ROOT_CLASS = YES_ERROR;
				CLANG_WARN_QUOTED_INCLUDE_IN_FRAMEWORK_HEADER = YES;
				CLANG_WARN_RANGE_LOOP_ANALYSIS = YES;
				CLANG_WARN_STRICT_PROTOTYPES = YES;
				CLANG_WARN_SUSPICIOUS_MOVE = YES;
				CLANG_WARN_UNGUARDED_AVAILABILITY = YES_AGGRESSIVE;
				CLANG_WARN_UNREACHABLE_CODE = YES;
				CLANG_WARN__DUPLICATE_METHOD_MATCH = YES;
				COPY_PHASE_STRIP = NO;
				DEBUG_INFORMATION_FORMAT = "dwarf-with-dsym";
				ENABLE_NS_ASSERTIONS = NO;
				ENABLE_STRICT_OBJC_MSGSEND = YES;
				GCC_C_LANGUAGE_STANDARD = gnu11;
				GCC_NO_COMMON_BLOCKS = YES;
				GCC_WARN_64_TO_32_BIT_CONVERSION = YES;
				GCC_WARN_ABOUT_RETURN_TYPE = YES_ERROR;
				GCC_WARN_UNDECLARED_SELECTOR = YES;
				GCC_WARN_UNINITIALIZED_AUTOS = YES_AGGRESSIVE;
				GCC_WARN_UNUSED_FUNCTION = YES;
				GCC_WARN_UNUSED_VARIABLE = YES;
				IPHONEOS_DEPLOYMENT_TARGET = 15.5;
				MTL_ENABLE_DEBUG_INFO = NO;
				MTL_FAST_MATH = YES;
				SDKROOT = iphoneos;
				SWIFT_COMPILATION_MODE = wholemodule;
				SWIFT_OPTIMIZATION_LEVEL = "-O";
				VALIDATE_PRODUCT = YES;
			};
			name = Release;
		};
		50BDD256286DD8CB00AF1897 /* Debug */ = {
			isa = XCBuildConfiguration;
			buildSettings = {
				ASSETCATALOG_COMPILER_APPICON_NAME = AppIcon;
				ASSETCATALOG_COMPILER_GLOBAL_ACCENT_COLOR_NAME = AccentColor;
				CODE_SIGN_STYLE = Automatic;
				CURRENT_PROJECT_VERSION = 1;
				DEVELOPMENT_ASSET_PATHS = "\"Restart/Preview Content\"";
				DEVELOPMENT_TEAM = T8T6J53KY2;
				ENABLE_PREVIEWS = YES;
				GENERATE_INFOPLIST_FILE = YES;
				INFOPLIST_FILE = Restart/Info.plist;
				INFOPLIST_KEY_UIApplicationSceneManifest_Generation = YES;
				INFOPLIST_KEY_UIApplicationSupportsIndirectInputEvents = YES;
				INFOPLIST_KEY_UISupportedInterfaceOrientations = UIInterfaceOrientationPortrait;
				INFOPLIST_KEY_UISupportedInterfaceOrientations_iPad = "UIInterfaceOrientationPortrait UIInterfaceOrientationPortraitUpsideDown UIInterfaceOrientationLandscapeLeft UIInterfaceOrientationLandscapeRight";
				INFOPLIST_KEY_UISupportedInterfaceOrientations_iPhone = UIInterfaceOrientationPortrait;
				IPHONEOS_DEPLOYMENT_TARGET = 15.5;
				LD_RUNPATH_SEARCH_PATHS = (
					"$(inherited)",
					"@executable_path/Frameworks",
				);
				MARKETING_VERSION = 1.0;
				PRODUCT_BUNDLE_IDENTIFIER = co.itodd.Restart;
				PRODUCT_NAME = "$(TARGET_NAME)";
				SWIFT_EMIT_LOC_STRINGS = YES;
				SWIFT_VERSION = 5.0;
				TARGETED_DEVICE_FAMILY = "1,2";
			};
			name = Debug;
		};
		50BDD257286DD8CB00AF1897 /* Release */ = {
			isa = XCBuildConfiguration;
			buildSettings = {
				ASSETCATALOG_COMPILER_APPICON_NAME = AppIcon;
				ASSETCATALOG_COMPILER_GLOBAL_ACCENT_COLOR_NAME = AccentColor;
				CODE_SIGN_STYLE = Automatic;
				CURRENT_PROJECT_VERSION = 1;
				DEVELOPMENT_ASSET_PATHS = "\"Restart/Preview Content\"";
				DEVELOPMENT_TEAM = T8T6J53KY2;
				ENABLE_PREVIEWS = YES;
				GENERATE_INFOPLIST_FILE = YES;
				INFOPLIST_FILE = Restart/Info.plist;
				INFOPLIST_KEY_UIApplicationSceneManifest_Generation = YES;
				INFOPLIST_KEY_UIApplicationSupportsIndirectInputEvents = YES;
				INFOPLIST_KEY_UISupportedInterfaceOrientations = UIInterfaceOrientationPortrait;
				INFOPLIST_KEY_UISupportedInterfaceOrientations_iPad = "UIInterfaceOrientationPortrait UIInterfaceOrientationPortraitUpsideDown UIInterfaceOrientationLandscapeLeft UIInterfaceOrientationLandscapeRight";
				INFOPLIST_KEY_UISupportedInterfaceOrientations_iPhone = UIInterfaceOrientationPortrait;
				IPHONEOS_DEPLOYMENT_TARGET = 15.5;
				LD_RUNPATH_SEARCH_PATHS = (
					"$(inherited)",
					"@executable_path/Frameworks",
				);
				MARKETING_VERSION = 1.0;
				PRODUCT_BUNDLE_IDENTIFIER = co.itodd.Restart;
				PRODUCT_NAME = "$(TARGET_NAME)";
				SWIFT_EMIT_LOC_STRINGS = YES;
				SWIFT_VERSION = 5.0;
				TARGETED_DEVICE_FAMILY = "1,2";
			};
			name = Release;
		};
/* End XCBuildConfiguration section */

/* Begin XCConfigurationList section */
		50BDD242286DD8C800AF1897 /* Build configuration list for PBXProject "Restart" */ = {
			isa = XCConfigurationList;
			buildConfigurations = (
				50BDD253286DD8CB00AF1897 /* Debug */,
				50BDD254286DD8CB00AF1897 /* Release */,
			);
			defaultConfigurationIsVisible = 0;
			defaultConfigurationName = Release;
		};
		50BDD255286DD8CB00AF1897 /* Build configuration list for PBXNativeTarget "Restart" */ = {
			isa = XCConfigurationList;
			buildConfigurations = (
				50BDD256286DD8CB00AF1897 /* Debug */,
				50BDD257286DD8CB00AF1897 /* Release */,
			);
			defaultConfigurationIsVisible = 0;
			defaultConfigurationName = Release;
		};
/* End XCConfigurationList section */
	};
	rootObject = 50BDD23F286DD8C800AF1897 /* Project object */;
}
